
Microsoft Visual Studio Solution File, Format Version 12.00
# Visual Studio Version 16
VisualStudioVersion = 16.0.31613.86
MinimumVisualStudioVersion = 10.0.40219.1
Project("{FAE04EC0-301F-11D3-BF4B-00C04F79EFBC}") = "Crud_Basico", "Crud_Basico\Crud_Basico.csproj", "{357D89AD-2737-4214-BF68-B09DC431E0A5}"
EndProject
Global
	GlobalSection(SolutionConfigurationPlatforms) = preSolution
		Debug|Any CPU = Debug|Any CPU
		Release|Any CPU = Release|Any CPU
	EndGlobalSection
	GlobalSection(ProjectConfigurationPlatforms) = postSolution
		{357D89AD-2737-4214-BF68-B09DC431E0A5}.Debug|Any CPU.ActiveCfg = Debug|Any CPU
		{357D89AD-2737-4214-BF68-B09DC431E0A5}.Debug|Any CPU.Build.0 = Debug|Any CPU
		{357D89AD-2737-4214-BF68-B09DC431E0A5}.Release|Any CPU.ActiveCfg = Release|Any CPU
		{357D89AD-2737-4214-BF68-B09DC431E0A5}.Release|Any CPU.Build.0 = Release|Any CPU
	EndGlobalSection
	GlobalSection(SolutionProperties) = preSolution
		HideSolutionNode = FALSE
	EndGlobalSection
	GlobalSection(ExtensibilityGlobals) = postSolution
		SolutionGuid = {287D5BDD-52EE-43AA-AE54-5F4EAB285EEB}
	EndGlobalSection
EndGlobal
